
Microsoft Visual Studio Solution File, Format Version 12.00
# Visual Studio 15
VisualStudioVersion = 15.0.28307.902
MinimumVisualStudioVersion = 10.0.40219.1
Project("{9A19103F-16F7-4668-BE54-9A1E7A4F7556}") = "MMTShop", "MMTShop\MMTShop.csproj", "{7861E209-7EE4-4029-BE55-5A1B352B2B11}"
EndProject
Project("{9A19103F-16F7-4668-BE54-9A1E7A4F7556}") = "TestConsole", "TestConsole\TestConsole.csproj", "{6F068217-5E50-42F5-9E4A-9020116BE624}"
EndProject
Global
	GlobalSection(SolutionConfigurationPlatforms) = preSolution
		Debug|Any CPU = Debug|Any CPU
		Release|Any CPU = Release|Any CPU
	EndGlobalSection
	GlobalSection(ProjectConfigurationPlatforms) = postSolution
		{7861E209-7EE4-4029-BE55-5A1B352B2B11}.Debug|Any CPU.ActiveCfg = Debug|Any CPU
		{7861E209-7EE4-4029-BE55-5A1B352B2B11}.Debug|Any CPU.Build.0 = Debug|Any CPU
		{7861E209-7EE4-4029-BE55-5A1B352B2B11}.Release|Any CPU.ActiveCfg = Release|Any CPU
		{7861E209-7EE4-4029-BE55-5A1B352B2B11}.Release|Any CPU.Build.0 = Release|Any CPU
		{6F068217-5E50-42F5-9E4A-9020116BE624}.Debug|Any CPU.ActiveCfg = Debug|Any CPU
		{6F068217-5E50-42F5-9E4A-9020116BE624}.Debug|Any CPU.Build.0 = Debug|Any CPU
		{6F068217-5E50-42F5-9E4A-9020116BE624}.Release|Any CPU.ActiveCfg = Release|Any CPU
		{6F068217-5E50-42F5-9E4A-9020116BE624}.Release|Any CPU.Build.0 = Release|Any CPU
	EndGlobalSection
	GlobalSection(SolutionProperties) = preSolution
		HideSolutionNode = FALSE
	EndGlobalSection
	GlobalSection(ExtensibilityGlobals) = postSolution
		SolutionGuid = {9E36910D-FBD1-4BC8-A8D3-37616A681DE3}
	EndGlobalSection
EndGlobal
